
Microsoft Visual Studio Solution File, Format Version 12.00
# Visual Studio Version 16
VisualStudioVersion = 16.0.31112.23
MinimumVisualStudioVersion = 10.0.40219.1
Project("{FAE04EC0-301F-11D3-BF4B-00C04F79EFBC}") = "Course", "Course\Course.csproj", "{240029D2-0B2A-444A-8903-ED633E347889}"
EndProject
Global
	GlobalSection(SolutionConfigurationPlatforms) = preSolution
		Debug|Any CPU = Debug|Any CPU
		Release|Any CPU = Release|Any CPU
	EndGlobalSection
	GlobalSection(ProjectConfigurationPlatforms) = postSolution
		{240029D2-0B2A-444A-8903-ED633E347889}.Debug|Any CPU.ActiveCfg = Debug|Any CPU
		{240029D2-0B2A-444A-8903-ED633E347889}.Debug|Any CPU.Build.0 = Debug|Any CPU
		{240029D2-0B2A-444A-8903-ED633E347889}.Release|Any CPU.ActiveCfg = Release|Any CPU
		{240029D2-0B2A-444A-8903-ED633E347889}.Release|Any CPU.Build.0 = Release|Any CPU
	EndGlobalSection
	GlobalSection(SolutionProperties) = preSolution
		HideSolutionNode = FALSE
	EndGlobalSection
	GlobalSection(ExtensibilityGlobals) = postSolution
		SolutionGuid = {25B7446D-303D-4855-B708-19F5C8B12DC1}
	EndGlobalSection
EndGlobal
