
Microsoft Visual Studio Solution File, Format Version 12.00
# Visual Studio Version 16
VisualStudioVersion = 16.0.31129.286
MinimumVisualStudioVersion = 10.0.40219.1
Project("{FAE04EC0-301F-11D3-BF4B-00C04F79EFBC}") = "Course", "Course\Course.csproj", "{1DD112C6-1284-4804-A525-872CF19AC60B}"
EndProject
Global
	GlobalSection(SolutionConfigurationPlatforms) = preSolution
		Debug|Any CPU = Debug|Any CPU
		Release|Any CPU = Release|Any CPU
	EndGlobalSection
	GlobalSection(ProjectConfigurationPlatforms) = postSolution
		{1DD112C6-1284-4804-A525-872CF19AC60B}.Debug|Any CPU.ActiveCfg = Debug|Any CPU
		{1DD112C6-1284-4804-A525-872CF19AC60B}.Debug|Any CPU.Build.0 = Debug|Any CPU
		{1DD112C6-1284-4804-A525-872CF19AC60B}.Release|Any CPU.ActiveCfg = Release|Any CPU
		{1DD112C6-1284-4804-A525-872CF19AC60B}.Release|Any CPU.Build.0 = Release|Any CPU
	EndGlobalSection
	GlobalSection(SolutionProperties) = preSolution
		HideSolutionNode = FALSE
	EndGlobalSection
	GlobalSection(ExtensibilityGlobals) = postSolution
		SolutionGuid = {1A233D34-15E5-4876-8D7F-E59B48EF5F6E}
	EndGlobalSection
EndGlobal
