
Microsoft Visual Studio Solution File, Format Version 12.00
# Visual Studio Version 16
VisualStudioVersion = 16.0.31112.23
MinimumVisualStudioVersion = 10.0.40219.1
Project("{FAE04EC0-301F-11D3-BF4B-00C04F79EFBC}") = "Course", "Course\Course.csproj", "{5220F3A7-DE49-40FF-8D24-840705DC8126}"
EndProject
Global
	GlobalSection(SolutionConfigurationPlatforms) = preSolution
		Debug|Any CPU = Debug|Any CPU
		Release|Any CPU = Release|Any CPU
	EndGlobalSection
	GlobalSection(ProjectConfigurationPlatforms) = postSolution
		{5220F3A7-DE49-40FF-8D24-840705DC8126}.Debug|Any CPU.ActiveCfg = Debug|Any CPU
		{5220F3A7-DE49-40FF-8D24-840705DC8126}.Debug|Any CPU.Build.0 = Debug|Any CPU
		{5220F3A7-DE49-40FF-8D24-840705DC8126}.Release|Any CPU.ActiveCfg = Release|Any CPU
		{5220F3A7-DE49-40FF-8D24-840705DC8126}.Release|Any CPU.Build.0 = Release|Any CPU
	EndGlobalSection
	GlobalSection(SolutionProperties) = preSolution
		HideSolutionNode = FALSE
	EndGlobalSection
	GlobalSection(ExtensibilityGlobals) = postSolution
		SolutionGuid = {FC77DF64-2B09-4312-983A-51AA2F7B3E65}
	EndGlobalSection
EndGlobal
