
Microsoft Visual Studio Solution File, Format Version 12.00
# Visual Studio Version 16
VisualStudioVersion = 16.0.31129.286
MinimumVisualStudioVersion = 10.0.40219.1
Project("{FAE04EC0-301F-11D3-BF4B-00C04F79EFBC}") = "Course", "Course\Course.csproj", "{3C780335-27B2-4749-963A-67426561A332}"
EndProject
Global
	GlobalSection(SolutionConfigurationPlatforms) = preSolution
		Debug|Any CPU = Debug|Any CPU
		Release|Any CPU = Release|Any CPU
	EndGlobalSection
	GlobalSection(ProjectConfigurationPlatforms) = postSolution
		{3C780335-27B2-4749-963A-67426561A332}.Debug|Any CPU.ActiveCfg = Debug|Any CPU
		{3C780335-27B2-4749-963A-67426561A332}.Debug|Any CPU.Build.0 = Debug|Any CPU
		{3C780335-27B2-4749-963A-67426561A332}.Release|Any CPU.ActiveCfg = Release|Any CPU
		{3C780335-27B2-4749-963A-67426561A332}.Release|Any CPU.Build.0 = Release|Any CPU
	EndGlobalSection
	GlobalSection(SolutionProperties) = preSolution
		HideSolutionNode = FALSE
	EndGlobalSection
	GlobalSection(ExtensibilityGlobals) = postSolution
		SolutionGuid = {057F4740-6BBB-4F4C-A582-28C8469D4398}
	EndGlobalSection
EndGlobal
