
Microsoft Visual Studio Solution File, Format Version 12.00
# Visual Studio Version 16
VisualStudioVersion = 16.0.31129.286
MinimumVisualStudioVersion = 10.0.40219.1
Project("{FAE04EC0-301F-11D3-BF4B-00C04F79EFBC}") = "Course", "Course\Course.csproj", "{7A5046F1-DE40-4110-808E-1CB92C0C7C24}"
EndProject
Global
	GlobalSection(SolutionConfigurationPlatforms) = preSolution
		Debug|Any CPU = Debug|Any CPU
		Release|Any CPU = Release|Any CPU
	EndGlobalSection
	GlobalSection(ProjectConfigurationPlatforms) = postSolution
		{7A5046F1-DE40-4110-808E-1CB92C0C7C24}.Debug|Any CPU.ActiveCfg = Debug|Any CPU
		{7A5046F1-DE40-4110-808E-1CB92C0C7C24}.Debug|Any CPU.Build.0 = Debug|Any CPU
		{7A5046F1-DE40-4110-808E-1CB92C0C7C24}.Release|Any CPU.ActiveCfg = Release|Any CPU
		{7A5046F1-DE40-4110-808E-1CB92C0C7C24}.Release|Any CPU.Build.0 = Release|Any CPU
	EndGlobalSection
	GlobalSection(SolutionProperties) = preSolution
		HideSolutionNode = FALSE
	EndGlobalSection
	GlobalSection(ExtensibilityGlobals) = postSolution
		SolutionGuid = {C9DA2147-C765-4DB5-B389-25989583C8AD}
	EndGlobalSection
EndGlobal
