
Microsoft Visual Studio Solution File, Format Version 12.00
# Visual Studio Version 16
VisualStudioVersion = 16.0.31129.286
MinimumVisualStudioVersion = 10.0.40219.1
Project("{FAE04EC0-301F-11D3-BF4B-00C04F79EFBC}") = "Course", "Course\Course.csproj", "{C0C4B8F2-E434-40ED-BB6B-4E2AA17AF136}"
EndProject
Global
	GlobalSection(SolutionConfigurationPlatforms) = preSolution
		Debug|Any CPU = Debug|Any CPU
		Release|Any CPU = Release|Any CPU
	EndGlobalSection
	GlobalSection(ProjectConfigurationPlatforms) = postSolution
		{C0C4B8F2-E434-40ED-BB6B-4E2AA17AF136}.Debug|Any CPU.ActiveCfg = Debug|Any CPU
		{C0C4B8F2-E434-40ED-BB6B-4E2AA17AF136}.Debug|Any CPU.Build.0 = Debug|Any CPU
		{C0C4B8F2-E434-40ED-BB6B-4E2AA17AF136}.Release|Any CPU.ActiveCfg = Release|Any CPU
		{C0C4B8F2-E434-40ED-BB6B-4E2AA17AF136}.Release|Any CPU.Build.0 = Release|Any CPU
	EndGlobalSection
	GlobalSection(SolutionProperties) = preSolution
		HideSolutionNode = FALSE
	EndGlobalSection
	GlobalSection(ExtensibilityGlobals) = postSolution
		SolutionGuid = {BA7722FF-C75A-46B6-8E31-A0379609078F}
	EndGlobalSection
EndGlobal
