
Microsoft Visual Studio Solution File, Format Version 12.00
# Visual Studio Version 16
VisualStudioVersion = 16.0.31129.286
MinimumVisualStudioVersion = 10.0.40219.1
Project("{FAE04EC0-301F-11D3-BF4B-00C04F79EFBC}") = "Course", "Course\Course.csproj", "{3049E0FF-553F-40A1-9A86-028848A96BF9}"
EndProject
Global
	GlobalSection(SolutionConfigurationPlatforms) = preSolution
		Debug|Any CPU = Debug|Any CPU
		Release|Any CPU = Release|Any CPU
	EndGlobalSection
	GlobalSection(ProjectConfigurationPlatforms) = postSolution
		{3049E0FF-553F-40A1-9A86-028848A96BF9}.Debug|Any CPU.ActiveCfg = Debug|Any CPU
		{3049E0FF-553F-40A1-9A86-028848A96BF9}.Debug|Any CPU.Build.0 = Debug|Any CPU
		{3049E0FF-553F-40A1-9A86-028848A96BF9}.Release|Any CPU.ActiveCfg = Release|Any CPU
		{3049E0FF-553F-40A1-9A86-028848A96BF9}.Release|Any CPU.Build.0 = Release|Any CPU
	EndGlobalSection
	GlobalSection(SolutionProperties) = preSolution
		HideSolutionNode = FALSE
	EndGlobalSection
	GlobalSection(ExtensibilityGlobals) = postSolution
		SolutionGuid = {46162A93-AC1D-4D28-9B40-47C0B0F6F788}
	EndGlobalSection
EndGlobal
