
Microsoft Visual Studio Solution File, Format Version 12.00
# Visual Studio Version 16
VisualStudioVersion = 16.0.31129.286
MinimumVisualStudioVersion = 10.0.40219.1
Project("{FAE04EC0-301F-11D3-BF4B-00C04F79EFBC}") = "Course", "Course\Course.csproj", "{352683A0-DC43-44BE-A36A-47D7ADB43AC8}"
EndProject
Global
	GlobalSection(SolutionConfigurationPlatforms) = preSolution
		Debug|Any CPU = Debug|Any CPU
		Release|Any CPU = Release|Any CPU
	EndGlobalSection
	GlobalSection(ProjectConfigurationPlatforms) = postSolution
		{352683A0-DC43-44BE-A36A-47D7ADB43AC8}.Debug|Any CPU.ActiveCfg = Debug|Any CPU
		{352683A0-DC43-44BE-A36A-47D7ADB43AC8}.Debug|Any CPU.Build.0 = Debug|Any CPU
		{352683A0-DC43-44BE-A36A-47D7ADB43AC8}.Release|Any CPU.ActiveCfg = Release|Any CPU
		{352683A0-DC43-44BE-A36A-47D7ADB43AC8}.Release|Any CPU.Build.0 = Release|Any CPU
	EndGlobalSection
	GlobalSection(SolutionProperties) = preSolution
		HideSolutionNode = FALSE
	EndGlobalSection
	GlobalSection(ExtensibilityGlobals) = postSolution
		SolutionGuid = {282816A9-7A3E-48F8-9767-F19AD76242B0}
	EndGlobalSection
EndGlobal
